
Microsoft Visual Studio Solution File, Format Version 12.00
# Visual Studio Version 16
VisualStudioVersion = 16.0.29519.181
MinimumVisualStudioVersion = 10.0.40219.1
Project("{9A19103F-16F7-4668-BE54-9A1E7A4F7556}") = "ECommerce.Api.Products", "Ecommerce.Api.Products\ECommerce.Api.Products.csproj", "{70359C50-16A7-4257-9D5E-EB195B3F51A0}"
EndProject
Project("{9A19103F-16F7-4668-BE54-9A1E7A4F7556}") = "ECommerce.Api.Customers", "ECommerce.Api.Customers\ECommerce.Api.Customers.csproj", "{0FAFAFF4-3B7E-4C1E-8572-45DF380AEC4A}"
EndProject
Project("{9A19103F-16F7-4668-BE54-9A1E7A4F7556}") = "ECommerce.Api.Orders", "ECommerce.Api.Orders\ECommerce.Api.Orders.csproj", "{347EED17-DB36-4296-A29B-2DD4CCA8AB8F}"
EndProject
Project("{9A19103F-16F7-4668-BE54-9A1E7A4F7556}") = "ECommerce.Api.Search", "ECommerce.Api.Search\ECommerce.Api.Search.csproj", "{B8FF5CA2-7DE6-4529-8B88-885748114846}"
EndProject
Project("{FAE04EC0-301F-11D3-BF4B-00C04F79EFBC}") = "ECommerce.Api.Products.Tests", "ECommerce.Api.Products.Tests\ECommerce.Api.Products.Tests.csproj", "{9E86BE10-B76C-4FDE-89DF-9C0005ABE1B5}"
EndProject
Global
	GlobalSection(SolutionConfigurationPlatforms) = preSolution
		Debug|Any CPU = Debug|Any CPU
		Release|Any CPU = Release|Any CPU
	EndGlobalSection
	GlobalSection(ProjectConfigurationPlatforms) = postSolution
		{70359C50-16A7-4257-9D5E-EB195B3F51A0}.Debug|Any CPU.ActiveCfg = Debug|Any CPU
		{70359C50-16A7-4257-9D5E-EB195B3F51A0}.Debug|Any CPU.Build.0 = Debug|Any CPU
		{70359C50-16A7-4257-9D5E-EB195B3F51A0}.Release|Any CPU.ActiveCfg = Release|Any CPU
		{70359C50-16A7-4257-9D5E-EB195B3F51A0}.Release|Any CPU.Build.0 = Release|Any CPU
		{0FAFAFF4-3B7E-4C1E-8572-45DF380AEC4A}.Debug|Any CPU.ActiveCfg = Debug|Any CPU
		{0FAFAFF4-3B7E-4C1E-8572-45DF380AEC4A}.Debug|Any CPU.Build.0 = Debug|Any CPU
		{0FAFAFF4-3B7E-4C1E-8572-45DF380AEC4A}.Release|Any CPU.ActiveCfg = Release|Any CPU
		{0FAFAFF4-3B7E-4C1E-8572-45DF380AEC4A}.Release|Any CPU.Build.0 = Release|Any CPU
		{347EED17-DB36-4296-A29B-2DD4CCA8AB8F}.Debug|Any CPU.ActiveCfg = Debug|Any CPU
		{347EED17-DB36-4296-A29B-2DD4CCA8AB8F}.Debug|Any CPU.Build.0 = Debug|Any CPU
		{347EED17-DB36-4296-A29B-2DD4CCA8AB8F}.Release|Any CPU.ActiveCfg = Release|Any CPU
		{347EED17-DB36-4296-A29B-2DD4CCA8AB8F}.Release|Any CPU.Build.0 = Release|Any CPU
		{B8FF5CA2-7DE6-4529-8B88-885748114846}.Debug|Any CPU.ActiveCfg = Debug|Any CPU
		{B8FF5CA2-7DE6-4529-8B88-885748114846}.Debug|Any CPU.Build.0 = Debug|Any CPU
		{B8FF5CA2-7DE6-4529-8B88-885748114846}.Release|Any CPU.ActiveCfg = Release|Any CPU
		{B8FF5CA2-7DE6-4529-8B88-885748114846}.Release|Any CPU.Build.0 = Release|Any CPU
		{9E86BE10-B76C-4FDE-89DF-9C0005ABE1B5}.Debug|Any CPU.ActiveCfg = Debug|Any CPU
		{9E86BE10-B76C-4FDE-89DF-9C0005ABE1B5}.Debug|Any CPU.Build.0 = Debug|Any CPU
		{9E86BE10-B76C-4FDE-89DF-9C0005ABE1B5}.Release|Any CPU.ActiveCfg = Release|Any CPU
		{9E86BE10-B76C-4FDE-89DF-9C0005ABE1B5}.Release|Any CPU.Build.0 = Release|Any CPU
	EndGlobalSection
	GlobalSection(SolutionProperties) = preSolution
		HideSolutionNode = FALSE
	EndGlobalSection
	GlobalSection(ExtensibilityGlobals) = postSolution
		SolutionGuid = {6302B8C7-1D15-461C-A7E3-73F64C8A5BAA}
	EndGlobalSection
EndGlobal
